
Microsoft Visual Studio Solution File, Format Version 12.00
# Visual Studio 15
VisualStudioVersion = 15.0.27703.2026
MinimumVisualStudioVersion = 10.0.40219.1
Project("{FAE04EC0-301F-11D3-BF4B-00C04F79EFBC}") = "OopRestaurant201807", "OopRestaurant201807\OopRestaurant201807.csproj", "{A8CEE6E6-FA82-48B3-ADAB-E4C8539D5319}"
EndProject
Global
	GlobalSection(SolutionConfigurationPlatforms) = preSolution
		Debug|Any CPU = Debug|Any CPU
		Release|Any CPU = Release|Any CPU
	EndGlobalSection
	GlobalSection(ProjectConfigurationPlatforms) = postSolution
		{A8CEE6E6-FA82-48B3-ADAB-E4C8539D5319}.Debug|Any CPU.ActiveCfg = Debug|Any CPU
		{A8CEE6E6-FA82-48B3-ADAB-E4C8539D5319}.Debug|Any CPU.Build.0 = Debug|Any CPU
		{A8CEE6E6-FA82-48B3-ADAB-E4C8539D5319}.Release|Any CPU.ActiveCfg = Release|Any CPU
		{A8CEE6E6-FA82-48B3-ADAB-E4C8539D5319}.Release|Any CPU.Build.0 = Release|Any CPU
	EndGlobalSection
	GlobalSection(SolutionProperties) = preSolution
		HideSolutionNode = FALSE
	EndGlobalSection
	GlobalSection(ExtensibilityGlobals) = postSolution
		SolutionGuid = {AAD7375B-BCD9-432C-A5DF-42B53DDD50C3}
	EndGlobalSection
EndGlobal
